{
  "name": "backend",
  "lockfileVersion": 3,
  "requires": true,
  "packages": {
    "": {
      "dependencies": {
        "@upstash/workflow": "^1.0.0"
      }
    },
    "node_modules/@upstash/qstash": {
      "version": "2.8.4",
      "resolved": "https://registry.npmjs.org/@upstash/qstash/-/qstash-2.8.4.tgz",
      "integrity": "sha512-iojHWUlRoC3M2e4XQ1NFEgC+7Orurrm5uIrPn5WilU7LvWQoocyjYBXR0VUalXkeMAmFyk4blF0EOYZY4igdIQ==",
      "license": "MIT",
      "dependencies": {
        "crypto-js": ">=4.2.0",
        "jose": "^5.2.3",
        "neverthrow": "^7.0.1"
      }
    },
    "node_modules/@upstash/workflow": {
      "version": "1.0.0",
      "resolved": "https://registry.npmjs.org/@upstash/workflow/-/workflow-1.0.0.tgz",
      "integrity": "sha512-Q5CrdBdzJ3crJVaNx5J9hsYhQYir/sjV4kr1WBUKjZgsVLeG+n/Rg3C1B19jRd5BpxPkp5EORD3MTH+Sq5rIVQ==",
      "license": "MIT",
      "dependencies": {
        "@upstash/qstash": "^2.8.4"
      },
      "peerDependencies": {
        "zod": "^3.25.0 || ^4.0.0"
      }
    },
    "node_modules/crypto-js": {
      "version": "4.2.0",
      "resolved": "https://registry.npmjs.org/crypto-js/-/crypto-js-4.2.0.tgz",
      "integrity": "sha512-KALDyEYgpY+Rlob/iriUtjV6d5Eq+Y191A5g4UqLAi8CyGP9N1+FdVbkc1SxKc2r4YAYqG8JzO2KGL+AizD70Q==",
      "license": "MIT"
    },
    "node_modules/jose": {
      "version": "5.10.0",
      "resolved": "https://registry.npmjs.org/jose/-/jose-5.10.0.tgz",
      "integrity": "sha512-s+3Al/p9g32Iq+oqXxkW//7jk2Vig6FF1CFqzVXoTUXt2qz89YWbL+OwS17NFYEvxC35n0FKeGO2LGYSxeM2Gg==",
      "license": "MIT",
      "funding": {
        "url": "https://github.com/sponsors/panva"
      }
    },
    "node_modules/neverthrow": {
      "version": "7.2.0",
      "resolved": "https://registry.npmjs.org/neverthrow/-/neverthrow-7.2.0.tgz",
      "integrity": "sha512-iGBUfFB7yPczHHtA8dksKTJ9E8TESNTAx1UQWW6TzMF280vo9jdPYpLUXrMN1BCkPdHFdNG3fxOt2CUad8KhAw==",
      "license": "MIT",
      "engines": {
        "node": ">=18"
      }
    },
    "node_modules/zod": {
      "version": "4.3.5",
      "resolved": "https://registry.npmjs.org/zod/-/zod-4.3.5.tgz",
      "integrity": "sha512-k7Nwx6vuWx1IJ9Bjuf4Zt1PEllcwe7cls3VNzm4CQ1/hgtFUK2bRNG3rvnpPUhFjmqJKAKtjV576KnUkHocg/g==",
      "license": "MIT",
      "peer": true,
      "funding": {
        "url": "https://github.com/sponsors/colinhacks"
      }
    }
  }
}
